
Microsoft Visual Studio Solution File, Format Version 12.00
# Visual Studio 15
VisualStudioVersion = 15.0.26124.0
MinimumVisualStudioVersion = 15.0.26124.0
Project("{FAE04EC0-301F-11D3-BF4B-00C04F79EFBC}") = "Domain", "Domain\Domain.csproj", "{D8FBF21B-436C-40DA-880B-7F7D6EA8A97E}"
EndProject
Project("{FAE04EC0-301F-11D3-BF4B-00C04F79EFBC}") = "Application", "Application\Application.csproj", "{44486452-ABB7-4622-A30F-9D3386FE671D}"
EndProject
Project("{FAE04EC0-301F-11D3-BF4B-00C04F79EFBC}") = "Persistence", "Persistence\Persistence.csproj", "{7EC946DF-FD45-4030-8013-8403863AC819}"
EndProject
Project("{FAE04EC0-301F-11D3-BF4B-00C04F79EFBC}") = "API", "API\API.csproj", "{88640620-AB56-4383-BB14-E1889A11700B}"
EndProject
Global
	GlobalSection(SolutionConfigurationPlatforms) = preSolution
		Debug|Any CPU = Debug|Any CPU
		Debug|x64 = Debug|x64
		Debug|x86 = Debug|x86
		Release|Any CPU = Release|Any CPU
		Release|x64 = Release|x64
		Release|x86 = Release|x86
	EndGlobalSection
	GlobalSection(SolutionProperties) = preSolution
		HideSolutionNode = FALSE
	EndGlobalSection
	GlobalSection(ProjectConfigurationPlatforms) = postSolution
		{D8FBF21B-436C-40DA-880B-7F7D6EA8A97E}.Debug|Any CPU.ActiveCfg = Debug|Any CPU
		{D8FBF21B-436C-40DA-880B-7F7D6EA8A97E}.Debug|Any CPU.Build.0 = Debug|Any CPU
		{D8FBF21B-436C-40DA-880B-7F7D6EA8A97E}.Debug|x64.ActiveCfg = Debug|Any CPU
		{D8FBF21B-436C-40DA-880B-7F7D6EA8A97E}.Debug|x64.Build.0 = Debug|Any CPU
		{D8FBF21B-436C-40DA-880B-7F7D6EA8A97E}.Debug|x86.ActiveCfg = Debug|Any CPU
		{D8FBF21B-436C-40DA-880B-7F7D6EA8A97E}.Debug|x86.Build.0 = Debug|Any CPU
		{D8FBF21B-436C-40DA-880B-7F7D6EA8A97E}.Release|Any CPU.ActiveCfg = Release|Any CPU
		{D8FBF21B-436C-40DA-880B-7F7D6EA8A97E}.Release|Any CPU.Build.0 = Release|Any CPU
		{D8FBF21B-436C-40DA-880B-7F7D6EA8A97E}.Release|x64.ActiveCfg = Release|Any CPU
		{D8FBF21B-436C-40DA-880B-7F7D6EA8A97E}.Release|x64.Build.0 = Release|Any CPU
		{D8FBF21B-436C-40DA-880B-7F7D6EA8A97E}.Release|x86.ActiveCfg = Release|Any CPU
		{D8FBF21B-436C-40DA-880B-7F7D6EA8A97E}.Release|x86.Build.0 = Release|Any CPU
		{44486452-ABB7-4622-A30F-9D3386FE671D}.Debug|Any CPU.ActiveCfg = Debug|Any CPU
		{44486452-ABB7-4622-A30F-9D3386FE671D}.Debug|Any CPU.Build.0 = Debug|Any CPU
		{44486452-ABB7-4622-A30F-9D3386FE671D}.Debug|x64.ActiveCfg = Debug|Any CPU
		{44486452-ABB7-4622-A30F-9D3386FE671D}.Debug|x64.Build.0 = Debug|Any CPU
		{44486452-ABB7-4622-A30F-9D3386FE671D}.Debug|x86.ActiveCfg = Debug|Any CPU
		{44486452-ABB7-4622-A30F-9D3386FE671D}.Debug|x86.Build.0 = Debug|Any CPU
		{44486452-ABB7-4622-A30F-9D3386FE671D}.Release|Any CPU.ActiveCfg = Release|Any CPU
		{44486452-ABB7-4622-A30F-9D3386FE671D}.Release|Any CPU.Build.0 = Release|Any CPU
		{44486452-ABB7-4622-A30F-9D3386FE671D}.Release|x64.ActiveCfg = Release|Any CPU
		{44486452-ABB7-4622-A30F-9D3386FE671D}.Release|x64.Build.0 = Release|Any CPU
		{44486452-ABB7-4622-A30F-9D3386FE671D}.Release|x86.ActiveCfg = Release|Any CPU
		{44486452-ABB7-4622-A30F-9D3386FE671D}.Release|x86.Build.0 = Release|Any CPU
		{7EC946DF-FD45-4030-8013-8403863AC819}.Debug|Any CPU.ActiveCfg = Debug|Any CPU
		{7EC946DF-FD45-4030-8013-8403863AC819}.Debug|Any CPU.Build.0 = Debug|Any CPU
		{7EC946DF-FD45-4030-8013-8403863AC819}.Debug|x64.ActiveCfg = Debug|Any CPU
		{7EC946DF-FD45-4030-8013-8403863AC819}.Debug|x64.Build.0 = Debug|Any CPU
		{7EC946DF-FD45-4030-8013-8403863AC819}.Debug|x86.ActiveCfg = Debug|Any CPU
		{7EC946DF-FD45-4030-8013-8403863AC819}.Debug|x86.Build.0 = Debug|Any CPU
		{7EC946DF-FD45-4030-8013-8403863AC819}.Release|Any CPU.ActiveCfg = Release|Any CPU
		{7EC946DF-FD45-4030-8013-8403863AC819}.Release|Any CPU.Build.0 = Release|Any CPU
		{7EC946DF-FD45-4030-8013-8403863AC819}.Release|x64.ActiveCfg = Release|Any CPU
		{7EC946DF-FD45-4030-8013-8403863AC819}.Release|x64.Build.0 = Release|Any CPU
		{7EC946DF-FD45-4030-8013-8403863AC819}.Release|x86.ActiveCfg = Release|Any CPU
		{7EC946DF-FD45-4030-8013-8403863AC819}.Release|x86.Build.0 = Release|Any CPU
		{88640620-AB56-4383-BB14-E1889A11700B}.Debug|Any CPU.ActiveCfg = Debug|Any CPU
		{88640620-AB56-4383-BB14-E1889A11700B}.Debug|Any CPU.Build.0 = Debug|Any CPU
		{88640620-AB56-4383-BB14-E1889A11700B}.Debug|x64.ActiveCfg = Debug|Any CPU
		{88640620-AB56-4383-BB14-E1889A11700B}.Debug|x64.Build.0 = Debug|Any CPU
		{88640620-AB56-4383-BB14-E1889A11700B}.Debug|x86.ActiveCfg = Debug|Any CPU
		{88640620-AB56-4383-BB14-E1889A11700B}.Debug|x86.Build.0 = Debug|Any CPU
		{88640620-AB56-4383-BB14-E1889A11700B}.Release|Any CPU.ActiveCfg = Release|Any CPU
		{88640620-AB56-4383-BB14-E1889A11700B}.Release|Any CPU.Build.0 = Release|Any CPU
		{88640620-AB56-4383-BB14-E1889A11700B}.Release|x64.ActiveCfg = Release|Any CPU
		{88640620-AB56-4383-BB14-E1889A11700B}.Release|x64.Build.0 = Release|Any CPU
		{88640620-AB56-4383-BB14-E1889A11700B}.Release|x86.ActiveCfg = Release|Any CPU
		{88640620-AB56-4383-BB14-E1889A11700B}.Release|x86.Build.0 = Release|Any CPU
	EndGlobalSection
EndGlobal
